
Microsoft Visual Studio Solution File, Format Version 12.00
# Visual Studio Version 16
VisualStudioVersion = 16.0.31911.196
MinimumVisualStudioVersion = 10.0.40219.1
Project("{FAE04EC0-301F-11D3-BF4B-00C04F79EFBC}") = "Exercise3Polymorphism", "Exercise3Polymorphism\Exercise3Polymorphism.csproj", "{A2E07FAD-9B7C-44C4-947D-DCC442B9183A}"
EndProject
Global
	GlobalSection(SolutionConfigurationPlatforms) = preSolution
		Debug|Any CPU = Debug|Any CPU
		Release|Any CPU = Release|Any CPU
	EndGlobalSection
	GlobalSection(ProjectConfigurationPlatforms) = postSolution
		{A2E07FAD-9B7C-44C4-947D-DCC442B9183A}.Debug|Any CPU.ActiveCfg = Debug|Any CPU
		{A2E07FAD-9B7C-44C4-947D-DCC442B9183A}.Debug|Any CPU.Build.0 = Debug|Any CPU
		{A2E07FAD-9B7C-44C4-947D-DCC442B9183A}.Release|Any CPU.ActiveCfg = Release|Any CPU
		{A2E07FAD-9B7C-44C4-947D-DCC442B9183A}.Release|Any CPU.Build.0 = Release|Any CPU
	EndGlobalSection
	GlobalSection(SolutionProperties) = preSolution
		HideSolutionNode = FALSE
	EndGlobalSection
	GlobalSection(ExtensibilityGlobals) = postSolution
		SolutionGuid = {D9C782DC-238F-4ABA-9458-BC1C55DCD9B7}
	EndGlobalSection
EndGlobal
